
Microsoft Visual Studio Solution File, Format Version 12.00
# Visual Studio Version 17
VisualStudioVersion = 17.8.34316.72
MinimumVisualStudioVersion = 10.0.40219.1
Project("{FAE04EC0-301F-11D3-BF4B-00C04F79EFBC}") = "Tsk.API", "Task\Tsk.API.csproj", "{15AD2F58-6467-484E-98E8-C6A0A8F02974}"
EndProject
Project("{FAE04EC0-301F-11D3-BF4B-00C04F79EFBC}") = "Tsk.Application", "Task.Application\Tsk.Application.csproj", "{D4B5B695-6A0F-418F-8ED1-7F5A6E659B93}"
EndProject
Project("{FAE04EC0-301F-11D3-BF4B-00C04F79EFBC}") = "Tsk.Data", "Task.Data\Tsk.Data.csproj", "{1BCC5AF9-2765-49D1-A0E2-E0A716F95AFE}"
EndProject
Project("{FAE04EC0-301F-11D3-BF4B-00C04F79EFBC}") = "Tsk.Infrastructure", "Task.Infrastructure\Tsk.Infrastructure.csproj", "{4A3DA7BD-536A-4D8E-A2DB-2C3FCF334B83}"
EndProject
Global
	GlobalSection(SolutionConfigurationPlatforms) = preSolution
		Debug|Any CPU = Debug|Any CPU
		Release|Any CPU = Release|Any CPU
	EndGlobalSection
	GlobalSection(ProjectConfigurationPlatforms) = postSolution
		{15AD2F58-6467-484E-98E8-C6A0A8F02974}.Debug|Any CPU.ActiveCfg = Debug|Any CPU
		{15AD2F58-6467-484E-98E8-C6A0A8F02974}.Debug|Any CPU.Build.0 = Debug|Any CPU
		{15AD2F58-6467-484E-98E8-C6A0A8F02974}.Release|Any CPU.ActiveCfg = Release|Any CPU
		{15AD2F58-6467-484E-98E8-C6A0A8F02974}.Release|Any CPU.Build.0 = Release|Any CPU
		{D4B5B695-6A0F-418F-8ED1-7F5A6E659B93}.Debug|Any CPU.ActiveCfg = Debug|Any CPU
		{D4B5B695-6A0F-418F-8ED1-7F5A6E659B93}.Debug|Any CPU.Build.0 = Debug|Any CPU
		{D4B5B695-6A0F-418F-8ED1-7F5A6E659B93}.Release|Any CPU.ActiveCfg = Release|Any CPU
		{D4B5B695-6A0F-418F-8ED1-7F5A6E659B93}.Release|Any CPU.Build.0 = Release|Any CPU
		{1BCC5AF9-2765-49D1-A0E2-E0A716F95AFE}.Debug|Any CPU.ActiveCfg = Debug|Any CPU
		{1BCC5AF9-2765-49D1-A0E2-E0A716F95AFE}.Debug|Any CPU.Build.0 = Debug|Any CPU
		{1BCC5AF9-2765-49D1-A0E2-E0A716F95AFE}.Release|Any CPU.ActiveCfg = Release|Any CPU
		{1BCC5AF9-2765-49D1-A0E2-E0A716F95AFE}.Release|Any CPU.Build.0 = Release|Any CPU
		{4A3DA7BD-536A-4D8E-A2DB-2C3FCF334B83}.Debug|Any CPU.ActiveCfg = Debug|Any CPU
		{4A3DA7BD-536A-4D8E-A2DB-2C3FCF334B83}.Debug|Any CPU.Build.0 = Debug|Any CPU
		{4A3DA7BD-536A-4D8E-A2DB-2C3FCF334B83}.Release|Any CPU.ActiveCfg = Release|Any CPU
		{4A3DA7BD-536A-4D8E-A2DB-2C3FCF334B83}.Release|Any CPU.Build.0 = Release|Any CPU
	EndGlobalSection
	GlobalSection(SolutionProperties) = preSolution
		HideSolutionNode = FALSE
	EndGlobalSection
	GlobalSection(ExtensibilityGlobals) = postSolution
		SolutionGuid = {30D6438B-F29A-4D9C-BC46-30747792BAC3}
	EndGlobalSection
EndGlobal
